
Microsoft Visual Studio Solution File, Format Version 12.00
# Visual Studio 15
VisualStudioVersion = 15.0.27703.2042
MinimumVisualStudioVersion = 10.0.40219.1
Project("{FAE04EC0-301F-11D3-BF4B-00C04F79EFBC}") = "排列大小", "排列大小\排列大小.csproj", "{F4F9C347-17E7-48CE-A13B-145A4FAC5AF3}"
EndProject
Global
	GlobalSection(SolutionConfigurationPlatforms) = preSolution
		Debug|Any CPU = Debug|Any CPU
		Release|Any CPU = Release|Any CPU
	EndGlobalSection
	GlobalSection(ProjectConfigurationPlatforms) = postSolution
		{F4F9C347-17E7-48CE-A13B-145A4FAC5AF3}.Debug|Any CPU.ActiveCfg = Debug|Any CPU
		{F4F9C347-17E7-48CE-A13B-145A4FAC5AF3}.Debug|Any CPU.Build.0 = Debug|Any CPU
		{F4F9C347-17E7-48CE-A13B-145A4FAC5AF3}.Release|Any CPU.ActiveCfg = Release|Any CPU
		{F4F9C347-17E7-48CE-A13B-145A4FAC5AF3}.Release|Any CPU.Build.0 = Release|Any CPU
	EndGlobalSection
	GlobalSection(SolutionProperties) = preSolution
		HideSolutionNode = FALSE
	EndGlobalSection
	GlobalSection(ExtensibilityGlobals) = postSolution
		SolutionGuid = {8C27EE9F-367D-49DA-9715-6E7DFEF20E06}
	EndGlobalSection
EndGlobal
